
Microsoft Visual Studio Solution File, Format Version 12.00
# Visual Studio 15
VisualStudioVersion = 15.0.28307.489
MinimumVisualStudioVersion = 10.0.40219.1
Project("{FAE04EC0-301F-11D3-BF4B-00C04F79EFBC}") = "Trabajo1", "Trabajo1\Trabajo1.csproj", "{7AC2BFE7-4996-47CF-B497-F642720EA856}"
EndProject
Global
	GlobalSection(SolutionConfigurationPlatforms) = preSolution
		Debug|Any CPU = Debug|Any CPU
		Release|Any CPU = Release|Any CPU
	EndGlobalSection
	GlobalSection(ProjectConfigurationPlatforms) = postSolution
		{7AC2BFE7-4996-47CF-B497-F642720EA856}.Debug|Any CPU.ActiveCfg = Debug|Any CPU
		{7AC2BFE7-4996-47CF-B497-F642720EA856}.Debug|Any CPU.Build.0 = Debug|Any CPU
		{7AC2BFE7-4996-47CF-B497-F642720EA856}.Release|Any CPU.ActiveCfg = Release|Any CPU
		{7AC2BFE7-4996-47CF-B497-F642720EA856}.Release|Any CPU.Build.0 = Release|Any CPU
	EndGlobalSection
	GlobalSection(SolutionProperties) = preSolution
		HideSolutionNode = FALSE
	EndGlobalSection
	GlobalSection(ExtensibilityGlobals) = postSolution
		SolutionGuid = {AF979C5B-CF92-421A-A55B-B8649DAC86B6}
	EndGlobalSection
EndGlobal
